// !$*UTF8*$!
{
	archiveVersion = 1;
	classes = {
	};
	objectVersion = 50;
	objects = {

/* Begin PBXBuildFile section */
		B24B242A2B1F4E5700BC215A /* API_Endpoint_VisualiserApp.swift in Sources */ = {isa = PBXBuildFile; fileRef = B24B24292B1F4E5700BC215A /* API_Endpoint_VisualiserApp.swift */; };
		B24B242C2B1F4E5700BC215A /* ContentView.swift in Sources */ = {isa = PBXBuildFile; fileRef = B24B242B2B1F4E5700BC215A /* ContentView.swift */; };
		B24B242E2B1F4E5B00BC215A /* Assets.xcassets in Resources */ = {isa = PBXBuildFile; fileRef = B24B242D2B1F4E5B00BC215A /* Assets.xcassets */; };
		B24B24312B1F4E5B00BC215A /* Preview Assets.xcassets in Resources */ = {isa = PBXBuildFile; fileRef = B24B24302B1F4E5B00BC215A /* Preview Assets.xcassets */; };
		B24B243A2B1F4EB400BC215A /* APIData.swift in Sources */ = {isa = PBXBuildFile; fileRef = B24B24392B1F4EB400BC215A /* APIData.swift */; };
		B24B243D2B1F4EE300BC215A /* DetailView.swift in Sources */ = {isa = PBXBuildFile; fileRef = B24B243C2B1F4EE300BC215A /* DetailView.swift */; };
/* End PBXBuildFile section */

/* Begin PBXFileReference section */
		B24B24262B1F4E5700BC215A /* API Endpoint Visualiser.app */ = {isa = PBXFileReference; explicitFileType = wrapper.application; includeInIndex = 0; path = "API Endpoint Visualiser.app"; sourceTree = BUILT_PRODUCTS_DIR; };
		B24B24292B1F4E5700BC215A /* API_Endpoint_VisualiserApp.swift */ = {isa = PBXFileReference; lastKnownFileType = sourcecode.swift; path = API_Endpoint_VisualiserApp.swift; sourceTree = "<group>"; };
		B24B242B2B1F4E5700BC215A /* ContentView.swift */ = {isa = PBXFileReference; lastKnownFileType = sourcecode.swift; path = ContentView.swift; sourceTree = "<group>"; };
		B24B242D2B1F4E5B00BC215A /* Assets.xcassets */ = {isa = PBXFileReference; lastKnownFileType = folder.assetcatalog; path = Assets.xcassets; sourceTree = "<group>"; };
		B24B24302B1F4E5B00BC215A /* Preview Assets.xcassets */ = {isa = PBXFileReference; lastKnownFileType = folder.assetcatalog; path = "Preview Assets.xcassets"; sourceTree = "<group>"; };
		B24B24322B1F4E5B00BC215A /* Info.plist */ = {isa = PBXFileReference; lastKnownFileType = text.plist.xml; path = Info.plist; sourceTree = "<group>"; };
		B24B24392B1F4EB400BC215A /* APIData.swift */ = {isa = PBXFileReference; lastKnownFileType = sourcecode.swift; path = APIData.swift; sourceTree = "<group>"; };
		B24B243C2B1F4EE300BC215A /* DetailView.swift */ = {isa = PBXFileReference; lastKnownFileType = sourcecode.swift; path = DetailView.swift; sourceTree = "<group>"; };
/* End PBXFileReference section */

/* Begin PBXFrameworksBuildPhase section */
		B24B24232B1F4E5700BC215A /* Frameworks */ = {
			isa = PBXFrameworksBuildPhase;
			buildActionMask = 2147483647;
			files = (
			);
			runOnlyForDeploymentPostprocessing = 0;
		};
/* End PBXFrameworksBuildPhase section */

/* Begin PBXGroup section */
		B24B241D2B1F4E5700BC215A = {
			isa = PBXGroup;
			children = (
				B24B24282B1F4E5700BC215A /* API Endpoint Visualiser */,
				B24B24272B1F4E5700BC215A /* Products */,
			);
			sourceTree = "<group>";
		};
		B24B24272B1F4E5700BC215A /* Products */ = {
			isa = PBXGroup;
			children = (
				B24B24262B1F4E5700BC215A /* API Endpoint Visualiser.app */,
			);
			name = Products;
			sourceTree = "<group>";
		};
		B24B24282B1F4E5700BC215A /* API Endpoint Visualiser */ = {
			isa = PBXGroup;
			children = (
				B24B24292B1F4E5700BC215A /* API_Endpoint_VisualiserApp.swift */,
				B24B242B2B1F4E5700BC215A /* ContentView.swift */,
				B24B24392B1F4EB400BC215A /* APIData.swift */,
				B24B243C2B1F4EE300BC215A /* DetailView.swift */,
				B24B242D2B1F4E5B00BC215A /* Assets.xcassets */,
				B24B24322B1F4E5B00BC215A /* Info.plist */,
				B24B242F2B1F4E5B00BC215A /* Preview Content */,
			);
			path = "API Endpoint Visualiser";
			sourceTree = "<group>";
		};
		B24B242F2B1F4E5B00BC215A /* Preview Content */ = {
			isa = PBXGroup;
			children = (
				B24B24302B1F4E5B00BC215A /* Preview Assets.xcassets */,
			);
			path = "Preview Content";
			sourceTree = "<group>";
		};
/* End PBXGroup section */

/* Begin PBXNativeTarget section */
		B24B24252B1F4E5700BC215A /* API Endpoint Visualiser */ = {
			isa = PBXNativeTarget;
			buildConfigurationList = B24B24352B1F4E5B00BC215A /* Build configuration list for PBXNativeTarget "API Endpoint Visualiser" */;
			buildPhases = (
				B24B24222B1F4E5700BC215A /* Sources */,
				B24B24232B1F4E5700BC215A /* Frameworks */,
				B24B24242B1F4E5700BC215A /* Resources */,
			);
			buildRules = (
			);
			dependencies = (
			);
			name = "API Endpoint Visualiser";
			productName = "API Endpoint Visualiser";
			productReference = B24B24262B1F4E5700BC215A /* API Endpoint Visualiser.app */;
			productType = "com.apple.product-type.application";
		};
/* End PBXNativeTarget section */

/* Begin PBXProject section */
		B24B241E2B1F4E5700BC215A /* Project object */ = {
			isa = PBXProject;
			attributes = {
				LastSwiftUpdateCheck = 1240;
				LastUpgradeCheck = 1240;
				TargetAttributes = {
					B24B24252B1F4E5700BC215A = {
						CreatedOnToolsVersion = 12.4;
					};
				};
			};
			buildConfigurationList = B24B24212B1F4E5700BC215A /* Build configuration list for PBXProject "API Endpoint Visualiser" */;
			compatibilityVersion = "Xcode 9.3";
			developmentRegion = en;
			hasScannedForEncodings = 0;
			knownRegions = (
				en,
				Base,
			);
			mainGroup = B24B241D2B1F4E5700BC215A;
			productRefGroup = B24B24272B1F4E5700BC215A /* Products */;
			projectDirPath = "";
			projectRoot = "";
			targets = (
				B24B24252B1F4E5700BC215A /* API Endpoint Visualiser */,
			);
		};
/* End PBXProject section */

/* Begin PBXResourcesBuildPhase section */
		B24B24242B1F4E5700BC215A /* Resources */ = {
			isa = PBXResourcesBuildPhase;
			buildActionMask = 2147483647;
			files = (
				B24B24312B1F4E5B00BC215A /* Preview Assets.xcassets in Resources */,
				B24B242E2B1F4E5B00BC215A /* Assets.xcassets in Resources */,
			);
			runOnlyForDeploymentPostprocessing = 0;
		};
/* End PBXResourcesBuildPhase section */

/* Begin PBXSourcesBuildPhase section */
		B24B24222B1F4E5700BC215A /* Sources */ = {
			isa = PBXSourcesBuildPhase;
			buildActionMask = 2147483647;
			files = (
				B24B243A2B1F4EB400BC215A /* APIData.swift in Sources */,
				B24B243D2B1F4EE300BC215A /* DetailView.swift in Sources */,
				B24B242C2B1F4E5700BC215A /* ContentView.swift in Sources */,
				B24B242A2B1F4E5700BC215A /* API_Endpoint_VisualiserApp.swift in Sources */,
			);
			runOnlyForDeploymentPostprocessing = 0;
		};
/* End PBXSourcesBuildPhase section */

/* Begin XCBuildConfiguration section */
		B24B24332B1F4E5B00BC215A /* Debug */ = {
			isa = XCBuildConfiguration;
			buildSettings = {
				ALWAYS_SEARCH_USER_PATHS = NO;
				CLANG_ANALYZER_NONNULL = YES;
				CLANG_ANALYZER_NUMBER_OBJECT_CONVERSION = YES_AGGRESSIVE;
				CLANG_CXX_LANGUAGE_STANDARD = "gnu++14";
				CLANG_CXX_LIBRARY = "libc++";
				CLANG_ENABLE_MODULES = YES;
				CLANG_ENABLE_OBJC_ARC = YES;
				CLANG_ENABLE_OBJC_WEAK = YES;
				CLANG_WARN_BLOCK_CAPTURE_AUTORELEASING = YES;
				CLANG_WARN_BOOL_CONVERSION = YES;
				CLANG_WARN_COMMA = YES;
				CLANG_WARN_CONSTANT_CONVERSION = YES;
				CLANG_WARN_DEPRECATED_OBJC_IMPLEMENTATIONS = YES;
				CLANG_WARN_DIRECT_OBJC_ISA_USAGE = YES_ERROR;
				CLANG_WARN_DOCUMENTATION_COMMENTS = YES;
				CLANG_WARN_EMPTY_BODY = YES;
				CLANG_WARN_ENUM_CONVERSION = YES;
				CLANG_WARN_INFINITE_RECURSION = YES;
				CLANG_WARN_INT_CONVERSION = YES;
				CLANG_WARN_NON_LITERAL_NULL_CONVERSION = YES;
				CLANG_WARN_OBJC_IMPLICIT_RETAIN_SELF = YES;
				CLANG_WARN_OBJC_LITERAL_CONVERSION = YES;
				CLANG_WARN_OBJC_ROOT_CLASS = YES_ERROR;
				CLANG_WARN_QUOTED_INCLUDE_IN_FRAMEWORK_HEADER = YES;
				CLANG_WARN_RANGE_LOOP_ANALYSIS = YES;
				CLANG_WARN_STRICT_PROTOTYPES = YES;
				CLANG_WARN_SUSPICIOUS_MOVE = YES;
				CLANG_WARN_UNGUARDED_AVAILABILITY = YES_AGGRESSIVE;
				CLANG_WARN_UNREACHABLE_CODE = YES;
				CLANG_WARN__DUPLICATE_METHOD_MATCH = YES;
				COPY_PHASE_STRIP = NO;
				DEBUG_INFORMATION_FORMAT = dwarf;
				ENABLE_STRICT_OBJC_MSGSEND = YES;
				ENABLE_TESTABILITY = YES;
				GCC_C_LANGUAGE_STANDARD = gnu11;
				GCC_DYNAMIC_NO_PIC = NO;
				GCC_NO_COMMON_BLOCKS = YES;
				GCC_OPTIMIZATION_LEVEL = 0;
				GCC_PREPROCESSOR_DEFINITIONS = (
					"DEBUG=1",
					"$(inherited)",
				);
				GCC_WARN_64_TO_32_BIT_CONVERSION = YES;
				GCC_WARN_ABOUT_RETURN_TYPE = YES_ERROR;
				GCC_WARN_UNDECLARED_SELECTOR = YES;
				GCC_WARN_UNINITIALIZED_AUTOS = YES_AGGRESSIVE;
				GCC_WARN_UNUSED_FUNCTION = YES;
				GCC_WARN_UNUSED_VARIABLE = YES;
				IPHONEOS_DEPLOYMENT_TARGET = 14.4;
				MTL_ENABLE_DEBUG_INFO = INCLUDE_SOURCE;
				MTL_FAST_MATH = YES;
				ONLY_ACTIVE_ARCH = YES;
				SDKROOT = iphoneos;
				SWIFT_ACTIVE_COMPILATION_CONDITIONS = DEBUG;
				SWIFT_OPTIMIZATION_LEVEL = "-Onone";
			};
			name = Debug;
		};
		B24B24342B1F4E5B00BC215A /* Release */ = {
			isa = XCBuildConfiguration;
			buildSettings = {
				ALWAYS_SEARCH_USER_PATHS = NO;
				CLANG_ANALYZER_NONNULL = YES;
				CLANG_ANALYZER_NUMBER_OBJECT_CONVERSION = YES_AGGRESSIVE;
				CLANG_CXX_LANGUAGE_STANDARD = "gnu++14";
				CLANG_CXX_LIBRARY = "libc++";
				CLANG_ENABLE_MODULES = YES;
				CLANG_ENABLE_OBJC_ARC = YES;
				CLANG_ENABLE_OBJC_WEAK = YES;
				CLANG_WARN_BLOCK_CAPTURE_AUTORELEASING = YES;
				CLANG_WARN_BOOL_CONVERSION = YES;
				CLANG_WARN_COMMA = YES;
				CLANG_WARN_CONSTANT_CONVERSION = YES;
				CLANG_WARN_DEPRECATED_OBJC_IMPLEMENTATIONS = YES;
				CLANG_WARN_DIRECT_OBJC_ISA_USAGE = YES_ERROR;
				CLANG_WARN_DOCUMENTATION_COMMENTS = YES;
				CLANG_WARN_EMPTY_BODY = YES;
				CLANG_WARN_ENUM_CONVERSION = YES;
				CLANG_WARN_INFINITE_RECURSION = YES;
				CLANG_WARN_INT_CONVERSION = YES;
				CLANG_WARN_NON_LITERAL_NULL_CONVERSION = YES;
				CLANG_WARN_OBJC_IMPLICIT_RETAIN_SELF = YES;
				CLANG_WARN_OBJC_LITERAL_CONVERSION = YES;
				CLANG_WARN_OBJC_ROOT_CLASS = YES_ERROR;
				CLANG_WARN_QUOTED_INCLUDE_IN_FRAMEWORK_HEADER = YES;
				CLANG_WARN_RANGE_LOOP_ANALYSIS = YES;
				CLANG_WARN_STRICT_PROTOTYPES = YES;
				CLANG_WARN_SUSPICIOUS_MOVE = YES;
				CLANG_WARN_UNGUARDED_AVAILABILITY = YES_AGGRESSIVE;
				CLANG_WARN_UNREACHABLE_CODE = YES;
				CLANG_WARN__DUPLICATE_METHOD_MATCH = YES;
				COPY_PHASE_STRIP = NO;
				DEBUG_INFORMATION_FORMAT = "dwarf-with-dsym";
				ENABLE_NS_ASSERTIONS = NO;
				ENABLE_STRICT_OBJC_MSGSEND = YES;
				GCC_C_LANGUAGE_STANDARD = gnu11;
				GCC_NO_COMMON_BLOCKS = YES;
				GCC_WARN_64_TO_32_BIT_CONVERSION = YES;
				GCC_WARN_ABOUT_RETURN_TYPE = YES_ERROR;
				GCC_WARN_UNDECLARED_SELECTOR = YES;
				GCC_WARN_UNINITIALIZED_AUTOS = YES_AGGRESSIVE;
				GCC_WARN_UNUSED_FUNCTION = YES;
				GCC_WARN_UNUSED_VARIABLE = YES;
				IPHONEOS_DEPLOYMENT_TARGET = 14.4;
				MTL_ENABLE_DEBUG_INFO = NO;
				MTL_FAST_MATH = YES;
				SDKROOT = iphoneos;
				SWIFT_COMPILATION_MODE = wholemodule;
				SWIFT_OPTIMIZATION_LEVEL = "-O";
				VALIDATE_PRODUCT = YES;
			};
			name = Release;
		};
		B24B24362B1F4E5B00BC215A /* Debug */ = {
			isa = XCBuildConfiguration;
			buildSettings = {
				ASSETCATALOG_COMPILER_APPICON_NAME = AppIcon;
				ASSETCATALOG_COMPILER_GLOBAL_ACCENT_COLOR_NAME = AccentColor;
				CODE_SIGN_STYLE = Automatic;
				DEVELOPMENT_ASSET_PATHS = "\"API Endpoint Visualiser/Preview Content\"";
				ENABLE_PREVIEWS = YES;
				INFOPLIST_FILE = "API Endpoint Visualiser/Info.plist";
				IPHONEOS_DEPLOYMENT_TARGET = 14.0;
				LD_RUNPATH_SEARCH_PATHS = (
					"$(inherited)",
					"@executable_path/Frameworks",
				);
				PRODUCT_BUNDLE_IDENTIFIER = "com.example.API-Endpoint-Visualiser";
				PRODUCT_NAME = "$(TARGET_NAME)";
				SWIFT_VERSION = 5.0;
				TARGETED_DEVICE_FAMILY = "1,2";
			};
			name = Debug;
		};
		B24B24372B1F4E5B00BC215A /* Release */ = {
			isa = XCBuildConfiguration;
			buildSettings = {
				ASSETCATALOG_COMPILER_APPICON_NAME = AppIcon;
				ASSETCATALOG_COMPILER_GLOBAL_ACCENT_COLOR_NAME = AccentColor;
				CODE_SIGN_STYLE = Automatic;
				DEVELOPMENT_ASSET_PATHS = "\"API Endpoint Visualiser/Preview Content\"";
				ENABLE_PREVIEWS = YES;
				INFOPLIST_FILE = "API Endpoint Visualiser/Info.plist";
				IPHONEOS_DEPLOYMENT_TARGET = 14.0;
				LD_RUNPATH_SEARCH_PATHS = (
					"$(inherited)",
					"@executable_path/Frameworks",
				);
				PRODUCT_BUNDLE_IDENTIFIER = "com.example.API-Endpoint-Visualiser";
				PRODUCT_NAME = "$(TARGET_NAME)";
				SWIFT_VERSION = 5.0;
				TARGETED_DEVICE_FAMILY = "1,2";
			};
			name = Release;
		};
/* End XCBuildConfiguration section */

/* Begin XCConfigurationList section */
		B24B24212B1F4E5700BC215A /* Build configuration list for PBXProject "API Endpoint Visualiser" */ = {
			isa = XCConfigurationList;
			buildConfigurations = (
				B24B24332B1F4E5B00BC215A /* Debug */,
				B24B24342B1F4E5B00BC215A /* Release */,
			);
			defaultConfigurationIsVisible = 0;
			defaultConfigurationName = Release;
		};
		B24B24352B1F4E5B00BC215A /* Build configuration list for PBXNativeTarget "API Endpoint Visualiser" */ = {
			isa = XCConfigurationList;
			buildConfigurations = (
				B24B24362B1F4E5B00BC215A /* Debug */,
				B24B24372B1F4E5B00BC215A /* Release */,
			);
			defaultConfigurationIsVisible = 0;
			defaultConfigurationName = Release;
		};
/* End XCConfigurationList section */
	};
	rootObject = B24B241E2B1F4E5700BC215A /* Project object */;
}
